
Microsoft Visual Studio Solution File, Format Version 12.00
# Visual Studio Version 17
VisualStudioVersion = 17.0.31903.59
MinimumVisualStudioVersion = 10.0.40219.1
Project("{FAE04EC0-301F-11D3-BF4B-00C04F79EFBC}") = "ProductService", "ProductService\ProductService.csproj", "{34D7800E-CDB2-4E6F-9EBA-878D0317E646}"
EndProject
Project("{FAE04EC0-301F-11D3-BF4B-00C04F79EFBC}") = "OrderService", "OrderService\OrderService.csproj", "{155D58D2-4ABF-4D11-AA9E-32F995DC8B6A}"
EndProject
Project("{FAE04EC0-301F-11D3-BF4B-00C04F79EFBC}") = "APIGateway", "APIGateway\APIGateway.csproj", "{BDFD05DD-6973-4F0A-87DD-3AAA92CBDD27}"
EndProject
Global
	GlobalSection(SolutionConfigurationPlatforms) = preSolution
		Debug|Any CPU = Debug|Any CPU
		Release|Any CPU = Release|Any CPU
	EndGlobalSection
	GlobalSection(SolutionProperties) = preSolution
		HideSolutionNode = FALSE
	EndGlobalSection
	GlobalSection(ProjectConfigurationPlatforms) = postSolution
		{34D7800E-CDB2-4E6F-9EBA-878D0317E646}.Debug|Any CPU.ActiveCfg = Debug|Any CPU
		{34D7800E-CDB2-4E6F-9EBA-878D0317E646}.Debug|Any CPU.Build.0 = Debug|Any CPU
		{34D7800E-CDB2-4E6F-9EBA-878D0317E646}.Release|Any CPU.ActiveCfg = Release|Any CPU
		{34D7800E-CDB2-4E6F-9EBA-878D0317E646}.Release|Any CPU.Build.0 = Release|Any CPU
		{155D58D2-4ABF-4D11-AA9E-32F995DC8B6A}.Debug|Any CPU.ActiveCfg = Debug|Any CPU
		{155D58D2-4ABF-4D11-AA9E-32F995DC8B6A}.Debug|Any CPU.Build.0 = Debug|Any CPU
		{155D58D2-4ABF-4D11-AA9E-32F995DC8B6A}.Release|Any CPU.ActiveCfg = Release|Any CPU
		{155D58D2-4ABF-4D11-AA9E-32F995DC8B6A}.Release|Any CPU.Build.0 = Release|Any CPU
		{BDFD05DD-6973-4F0A-87DD-3AAA92CBDD27}.Debug|Any CPU.ActiveCfg = Debug|Any CPU
		{BDFD05DD-6973-4F0A-87DD-3AAA92CBDD27}.Debug|Any CPU.Build.0 = Debug|Any CPU
		{BDFD05DD-6973-4F0A-87DD-3AAA92CBDD27}.Release|Any CPU.ActiveCfg = Release|Any CPU
		{BDFD05DD-6973-4F0A-87DD-3AAA92CBDD27}.Release|Any CPU.Build.0 = Release|Any CPU
	EndGlobalSection
EndGlobal
